
Microsoft Visual Studio Solution File, Format Version 12.00
# Visual Studio 15
VisualStudioVersion = 15.0.28307.168
MinimumVisualStudioVersion = 10.0.40219.1
Project("{FAE04EC0-301F-11D3-BF4B-00C04F79EFBC}") = "Tp1.Android", "Tp1\Tp1.Android\Tp1.Android.csproj", "{B5580D6B-87AE-4E70-8B08-C212CC5126A6}"
EndProject
Project("{FAE04EC0-301F-11D3-BF4B-00C04F79EFBC}") = "Tp1.iOS", "Tp1\Tp1.iOS\Tp1.iOS.csproj", "{3770987A-27B1-4B56-ADCF-88D72227A1E4}"
EndProject
Project("{FAE04EC0-301F-11D3-BF4B-00C04F79EFBC}") = "Tp1", "Tp1\Tp1\Tp1.csproj", "{84287D46-0579-4B9E-922E-F5D78BA5B232}"
EndProject
Global
	GlobalSection(SolutionConfigurationPlatforms) = preSolution
		Ad-Hoc|Any CPU = Ad-Hoc|Any CPU
		Ad-Hoc|iPhone = Ad-Hoc|iPhone
		Ad-Hoc|iPhoneSimulator = Ad-Hoc|iPhoneSimulator
		AppStore|Any CPU = AppStore|Any CPU
		AppStore|iPhone = AppStore|iPhone
		AppStore|iPhoneSimulator = AppStore|iPhoneSimulator
		Debug|Any CPU = Debug|Any CPU
		Debug|iPhone = Debug|iPhone
		Debug|iPhoneSimulator = Debug|iPhoneSimulator
		Release|Any CPU = Release|Any CPU
		Release|iPhone = Release|iPhone
		Release|iPhoneSimulator = Release|iPhoneSimulator
	EndGlobalSection
	GlobalSection(ProjectConfigurationPlatforms) = postSolution
		{B5580D6B-87AE-4E70-8B08-C212CC5126A6}.Ad-Hoc|Any CPU.ActiveCfg = Release|Any CPU
		{B5580D6B-87AE-4E70-8B08-C212CC5126A6}.Ad-Hoc|Any CPU.Build.0 = Release|Any CPU
		{B5580D6B-87AE-4E70-8B08-C212CC5126A6}.Ad-Hoc|Any CPU.Deploy.0 = Release|Any CPU
		{B5580D6B-87AE-4E70-8B08-C212CC5126A6}.Ad-Hoc|iPhone.ActiveCfg = Release|Any CPU
		{B5580D6B-87AE-4E70-8B08-C212CC5126A6}.Ad-Hoc|iPhone.Build.0 = Release|Any CPU
		{B5580D6B-87AE-4E70-8B08-C212CC5126A6}.Ad-Hoc|iPhone.Deploy.0 = Release|Any CPU
		{B5580D6B-87AE-4E70-8B08-C212CC5126A6}.Ad-Hoc|iPhoneSimulator.ActiveCfg = Release|Any CPU
		{B5580D6B-87AE-4E70-8B08-C212CC5126A6}.Ad-Hoc|iPhoneSimulator.Build.0 = Release|Any CPU
		{B5580D6B-87AE-4E70-8B08-C212CC5126A6}.Ad-Hoc|iPhoneSimulator.Deploy.0 = Release|Any CPU
		{B5580D6B-87AE-4E70-8B08-C212CC5126A6}.AppStore|Any CPU.ActiveCfg = Release|Any CPU
		{B5580D6B-87AE-4E70-8B08-C212CC5126A6}.AppStore|Any CPU.Build.0 = Release|Any CPU
		{B5580D6B-87AE-4E70-8B08-C212CC5126A6}.AppStore|Any CPU.Deploy.0 = Release|Any CPU
		{B5580D6B-87AE-4E70-8B08-C212CC5126A6}.AppStore|iPhone.ActiveCfg = Release|Any CPU
		{B5580D6B-87AE-4E70-8B08-C212CC5126A6}.AppStore|iPhone.Build.0 = Release|Any CPU
		{B5580D6B-87AE-4E70-8B08-C212CC5126A6}.AppStore|iPhone.Deploy.0 = Release|Any CPU
		{B5580D6B-87AE-4E70-8B08-C212CC5126A6}.AppStore|iPhoneSimulator.ActiveCfg = Release|Any CPU
		{B5580D6B-87AE-4E70-8B08-C212CC5126A6}.AppStore|iPhoneSimulator.Build.0 = Release|Any CPU
		{B5580D6B-87AE-4E70-8B08-C212CC5126A6}.AppStore|iPhoneSimulator.Deploy.0 = Release|Any CPU
		{B5580D6B-87AE-4E70-8B08-C212CC5126A6}.Debug|Any CPU.ActiveCfg = Debug|Any CPU
		{B5580D6B-87AE-4E70-8B08-C212CC5126A6}.Debug|Any CPU.Build.0 = Debug|Any CPU
		{B5580D6B-87AE-4E70-8B08-C212CC5126A6}.Debug|Any CPU.Deploy.0 = Debug|Any CPU
		{B5580D6B-87AE-4E70-8B08-C212CC5126A6}.Debug|iPhone.ActiveCfg = Debug|Any CPU
		{B5580D6B-87AE-4E70-8B08-C212CC5126A6}.Debug|iPhone.Build.0 = Debug|Any CPU
		{B5580D6B-87AE-4E70-8B08-C212CC5126A6}.Debug|iPhone.Deploy.0 = Debug|Any CPU
		{B5580D6B-87AE-4E70-8B08-C212CC5126A6}.Debug|iPhoneSimulator.ActiveCfg = Debug|Any CPU
		{B5580D6B-87AE-4E70-8B08-C212CC5126A6}.Debug|iPhoneSimulator.Build.0 = Debug|Any CPU
		{B5580D6B-87AE-4E70-8B08-C212CC5126A6}.Debug|iPhoneSimulator.Deploy.0 = Debug|Any CPU
		{B5580D6B-87AE-4E70-8B08-C212CC5126A6}.Release|Any CPU.ActiveCfg = Release|Any CPU
		{B5580D6B-87AE-4E70-8B08-C212CC5126A6}.Release|Any CPU.Build.0 = Release|Any CPU
		{B5580D6B-87AE-4E70-8B08-C212CC5126A6}.Release|Any CPU.Deploy.0 = Release|Any CPU
		{B5580D6B-87AE-4E70-8B08-C212CC5126A6}.Release|iPhone.ActiveCfg = Release|Any CPU
		{B5580D6B-87AE-4E70-8B08-C212CC5126A6}.Release|iPhone.Build.0 = Release|Any CPU
		{B5580D6B-87AE-4E70-8B08-C212CC5126A6}.Release|iPhone.Deploy.0 = Release|Any CPU
		{B5580D6B-87AE-4E70-8B08-C212CC5126A6}.Release|iPhoneSimulator.ActiveCfg = Release|Any CPU
		{B5580D6B-87AE-4E70-8B08-C212CC5126A6}.Release|iPhoneSimulator.Build.0 = Release|Any CPU
		{B5580D6B-87AE-4E70-8B08-C212CC5126A6}.Release|iPhoneSimulator.Deploy.0 = Release|Any CPU
		{3770987A-27B1-4B56-ADCF-88D72227A1E4}.Ad-Hoc|Any CPU.ActiveCfg = Ad-Hoc|iPhone
		{3770987A-27B1-4B56-ADCF-88D72227A1E4}.Ad-Hoc|Any CPU.Build.0 = Ad-Hoc|iPhone
		{3770987A-27B1-4B56-ADCF-88D72227A1E4}.Ad-Hoc|Any CPU.Deploy.0 = Ad-Hoc|iPhone
		{3770987A-27B1-4B56-ADCF-88D72227A1E4}.Ad-Hoc|iPhone.ActiveCfg = Ad-Hoc|iPhone
		{3770987A-27B1-4B56-ADCF-88D72227A1E4}.Ad-Hoc|iPhone.Build.0 = Ad-Hoc|iPhone
		{3770987A-27B1-4B56-ADCF-88D72227A1E4}.Ad-Hoc|iPhone.Deploy.0 = Ad-Hoc|iPhone
		{3770987A-27B1-4B56-ADCF-88D72227A1E4}.Ad-Hoc|iPhoneSimulator.ActiveCfg = Ad-Hoc|iPhoneSimulator
		{3770987A-27B1-4B56-ADCF-88D72227A1E4}.Ad-Hoc|iPhoneSimulator.Build.0 = Ad-Hoc|iPhoneSimulator
		{3770987A-27B1-4B56-ADCF-88D72227A1E4}.Ad-Hoc|iPhoneSimulator.Deploy.0 = Ad-Hoc|iPhoneSimulator
		{3770987A-27B1-4B56-ADCF-88D72227A1E4}.AppStore|Any CPU.ActiveCfg = AppStore|iPhone
		{3770987A-27B1-4B56-ADCF-88D72227A1E4}.AppStore|Any CPU.Build.0 = AppStore|iPhone
		{3770987A-27B1-4B56-ADCF-88D72227A1E4}.AppStore|Any CPU.Deploy.0 = AppStore|iPhone
		{3770987A-27B1-4B56-ADCF-88D72227A1E4}.AppStore|iPhone.ActiveCfg = AppStore|iPhone
		{3770987A-27B1-4B56-ADCF-88D72227A1E4}.AppStore|iPhone.Build.0 = AppStore|iPhone
		{3770987A-27B1-4B56-ADCF-88D72227A1E4}.AppStore|iPhone.Deploy.0 = AppStore|iPhone
		{3770987A-27B1-4B56-ADCF-88D72227A1E4}.AppStore|iPhoneSimulator.ActiveCfg = AppStore|iPhoneSimulator
		{3770987A-27B1-4B56-ADCF-88D72227A1E4}.AppStore|iPhoneSimulator.Build.0 = AppStore|iPhoneSimulator
		{3770987A-27B1-4B56-ADCF-88D72227A1E4}.AppStore|iPhoneSimulator.Deploy.0 = AppStore|iPhoneSimulator
		{3770987A-27B1-4B56-ADCF-88D72227A1E4}.Debug|Any CPU.ActiveCfg = Debug|iPhoneSimulator
		{3770987A-27B1-4B56-ADCF-88D72227A1E4}.Debug|Any CPU.Build.0 = Debug|iPhoneSimulator
		{3770987A-27B1-4B56-ADCF-88D72227A1E4}.Debug|Any CPU.Deploy.0 = Debug|iPhoneSimulator
		{3770987A-27B1-4B56-ADCF-88D72227A1E4}.Debug|iPhone.ActiveCfg = Debug|iPhone
		{3770987A-27B1-4B56-ADCF-88D72227A1E4}.Debug|iPhone.Build.0 = Debug|iPhone
		{3770987A-27B1-4B56-ADCF-88D72227A1E4}.Debug|iPhone.Deploy.0 = Debug|iPhone
		{3770987A-27B1-4B56-ADCF-88D72227A1E4}.Debug|iPhoneSimulator.ActiveCfg = Debug|iPhoneSimulator
		{3770987A-27B1-4B56-ADCF-88D72227A1E4}.Debug|iPhoneSimulator.Build.0 = Debug|iPhoneSimulator
		{3770987A-27B1-4B56-ADCF-88D72227A1E4}.Debug|iPhoneSimulator.Deploy.0 = Debug|iPhoneSimulator
		{3770987A-27B1-4B56-ADCF-88D72227A1E4}.Release|Any CPU.ActiveCfg = Release|iPhone
		{3770987A-27B1-4B56-ADCF-88D72227A1E4}.Release|Any CPU.Build.0 = Release|iPhone
		{3770987A-27B1-4B56-ADCF-88D72227A1E4}.Release|Any CPU.Deploy.0 = Release|iPhone
		{3770987A-27B1-4B56-ADCF-88D72227A1E4}.Release|iPhone.ActiveCfg = Release|iPhone
		{3770987A-27B1-4B56-ADCF-88D72227A1E4}.Release|iPhone.Build.0 = Release|iPhone
		{3770987A-27B1-4B56-ADCF-88D72227A1E4}.Release|iPhone.Deploy.0 = Release|iPhone
		{3770987A-27B1-4B56-ADCF-88D72227A1E4}.Release|iPhoneSimulator.ActiveCfg = Release|iPhoneSimulator
		{3770987A-27B1-4B56-ADCF-88D72227A1E4}.Release|iPhoneSimulator.Build.0 = Release|iPhoneSimulator
		{3770987A-27B1-4B56-ADCF-88D72227A1E4}.Release|iPhoneSimulator.Deploy.0 = Release|iPhoneSimulator
		{84287D46-0579-4B9E-922E-F5D78BA5B232}.Ad-Hoc|Any CPU.ActiveCfg = Debug|Any CPU
		{84287D46-0579-4B9E-922E-F5D78BA5B232}.Ad-Hoc|Any CPU.Build.0 = Debug|Any CPU
		{84287D46-0579-4B9E-922E-F5D78BA5B232}.Ad-Hoc|Any CPU.Deploy.0 = Debug|Any CPU
		{84287D46-0579-4B9E-922E-F5D78BA5B232}.Ad-Hoc|iPhone.ActiveCfg = Debug|Any CPU
		{84287D46-0579-4B9E-922E-F5D78BA5B232}.Ad-Hoc|iPhone.Build.0 = Debug|Any CPU
		{84287D46-0579-4B9E-922E-F5D78BA5B232}.Ad-Hoc|iPhone.Deploy.0 = Debug|Any CPU
		{84287D46-0579-4B9E-922E-F5D78BA5B232}.Ad-Hoc|iPhoneSimulator.ActiveCfg = Debug|Any CPU
		{84287D46-0579-4B9E-922E-F5D78BA5B232}.Ad-Hoc|iPhoneSimulator.Build.0 = Debug|Any CPU
		{84287D46-0579-4B9E-922E-F5D78BA5B232}.Ad-Hoc|iPhoneSimulator.Deploy.0 = Debug|Any CPU
		{84287D46-0579-4B9E-922E-F5D78BA5B232}.AppStore|Any CPU.ActiveCfg = Debug|Any CPU
		{84287D46-0579-4B9E-922E-F5D78BA5B232}.AppStore|Any CPU.Build.0 = Debug|Any CPU
		{84287D46-0579-4B9E-922E-F5D78BA5B232}.AppStore|Any CPU.Deploy.0 = Debug|Any CPU
		{84287D46-0579-4B9E-922E-F5D78BA5B232}.AppStore|iPhone.ActiveCfg = Debug|Any CPU
		{84287D46-0579-4B9E-922E-F5D78BA5B232}.AppStore|iPhone.Build.0 = Debug|Any CPU
		{84287D46-0579-4B9E-922E-F5D78BA5B232}.AppStore|iPhone.Deploy.0 = Debug|Any CPU
		{84287D46-0579-4B9E-922E-F5D78BA5B232}.AppStore|iPhoneSimulator.ActiveCfg = Debug|Any CPU
		{84287D46-0579-4B9E-922E-F5D78BA5B232}.AppStore|iPhoneSimulator.Build.0 = Debug|Any CPU
		{84287D46-0579-4B9E-922E-F5D78BA5B232}.AppStore|iPhoneSimulator.Deploy.0 = Debug|Any CPU
		{84287D46-0579-4B9E-922E-F5D78BA5B232}.Debug|Any CPU.ActiveCfg = Debug|Any CPU
		{84287D46-0579-4B9E-922E-F5D78BA5B232}.Debug|Any CPU.Build.0 = Debug|Any CPU
		{84287D46-0579-4B9E-922E-F5D78BA5B232}.Debug|Any CPU.Deploy.0 = Debug|Any CPU
		{84287D46-0579-4B9E-922E-F5D78BA5B232}.Debug|iPhone.ActiveCfg = Debug|Any CPU
		{84287D46-0579-4B9E-922E-F5D78BA5B232}.Debug|iPhone.Build.0 = Debug|Any CPU
		{84287D46-0579-4B9E-922E-F5D78BA5B232}.Debug|iPhone.Deploy.0 = Debug|Any CPU
		{84287D46-0579-4B9E-922E-F5D78BA5B232}.Debug|iPhoneSimulator.ActiveCfg = Debug|Any CPU
		{84287D46-0579-4B9E-922E-F5D78BA5B232}.Debug|iPhoneSimulator.Build.0 = Debug|Any CPU
		{84287D46-0579-4B9E-922E-F5D78BA5B232}.Debug|iPhoneSimulator.Deploy.0 = Debug|Any CPU
		{84287D46-0579-4B9E-922E-F5D78BA5B232}.Release|Any CPU.ActiveCfg = Release|Any CPU
		{84287D46-0579-4B9E-922E-F5D78BA5B232}.Release|Any CPU.Build.0 = Release|Any CPU
		{84287D46-0579-4B9E-922E-F5D78BA5B232}.Release|Any CPU.Deploy.0 = Release|Any CPU
		{84287D46-0579-4B9E-922E-F5D78BA5B232}.Release|iPhone.ActiveCfg = Release|Any CPU
		{84287D46-0579-4B9E-922E-F5D78BA5B232}.Release|iPhone.Build.0 = Release|Any CPU
		{84287D46-0579-4B9E-922E-F5D78BA5B232}.Release|iPhone.Deploy.0 = Release|Any CPU
		{84287D46-0579-4B9E-922E-F5D78BA5B232}.Release|iPhoneSimulator.ActiveCfg = Release|Any CPU
		{84287D46-0579-4B9E-922E-F5D78BA5B232}.Release|iPhoneSimulator.Build.0 = Release|Any CPU
		{84287D46-0579-4B9E-922E-F5D78BA5B232}.Release|iPhoneSimulator.Deploy.0 = Release|Any CPU
	EndGlobalSection
	GlobalSection(SolutionProperties) = preSolution
		HideSolutionNode = FALSE
	EndGlobalSection
	GlobalSection(ExtensibilityGlobals) = postSolution
		SolutionGuid = {20741094-A708-4F17-AE69-92FD38DFD699}
	EndGlobalSection
EndGlobal
